
Microsoft Visual Studio Solution File, Format Version 12.00
# Visual Studio Version 17
VisualStudioVersion = 17.4.33122.133
MinimumVisualStudioVersion = 10.0.40219.1
Project("{FAE04EC0-301F-11D3-BF4B-00C04F79EFBC}") = "CryptoInfo", "CryptoInfo.csproj", "{4880213D-3EF4-4993-B284-828ED8007C03}"
EndProject
Global
	GlobalSection(SolutionConfigurationPlatforms) = preSolution
		Debug|Any CPU = Debug|Any CPU
		Release|Any CPU = Release|Any CPU
	EndGlobalSection
	GlobalSection(ProjectConfigurationPlatforms) = postSolution
		{4880213D-3EF4-4993-B284-828ED8007C03}.Debug|Any CPU.ActiveCfg = Debug|Any CPU
		{4880213D-3EF4-4993-B284-828ED8007C03}.Debug|Any CPU.Build.0 = Debug|Any CPU
		{4880213D-3EF4-4993-B284-828ED8007C03}.Release|Any CPU.ActiveCfg = Release|Any CPU
		{4880213D-3EF4-4993-B284-828ED8007C03}.Release|Any CPU.Build.0 = Release|Any CPU
	EndGlobalSection
	GlobalSection(SolutionProperties) = preSolution
		HideSolutionNode = FALSE
	EndGlobalSection
	GlobalSection(ExtensibilityGlobals) = postSolution
		SolutionGuid = {55942B36-7C9B-45A2-9563-20C1B9C7D24C}
	EndGlobalSection
EndGlobal
